
Microsoft Visual Studio Solution File, Format Version 12.00
# Visual Studio Version 17
VisualStudioVersion = 17.0.31903.59
MinimumVisualStudioVersion = 10.0.40219.1
Project("{FAE04EC0-301F-11D3-BF4B-00C04F79EFBC}") = "BAlgo", "BAlgo\BAlgo.csproj", "{294BDB90-B089-465E-9040-735A8228E7F9}"
EndProject
Project("{FAE04EC0-301F-11D3-BF4B-00C04F79EFBC}") = "MyConsole", "MyConsole\MyConsole.csproj", "{C4A987FC-E433-4238-AFCD-0BEC8E36A410}"
EndProject
Global
	GlobalSection(SolutionConfigurationPlatforms) = preSolution
		Debug|Any CPU = Debug|Any CPU
		Release|Any CPU = Release|Any CPU
	EndGlobalSection
	GlobalSection(SolutionProperties) = preSolution
		HideSolutionNode = FALSE
	EndGlobalSection
	GlobalSection(ProjectConfigurationPlatforms) = postSolution
		{294BDB90-B089-465E-9040-735A8228E7F9}.Debug|Any CPU.ActiveCfg = Debug|Any CPU
		{294BDB90-B089-465E-9040-735A8228E7F9}.Debug|Any CPU.Build.0 = Debug|Any CPU
		{294BDB90-B089-465E-9040-735A8228E7F9}.Release|Any CPU.ActiveCfg = Release|Any CPU
		{294BDB90-B089-465E-9040-735A8228E7F9}.Release|Any CPU.Build.0 = Release|Any CPU
		{C4A987FC-E433-4238-AFCD-0BEC8E36A410}.Debug|Any CPU.ActiveCfg = Debug|Any CPU
		{C4A987FC-E433-4238-AFCD-0BEC8E36A410}.Debug|Any CPU.Build.0 = Debug|Any CPU
		{C4A987FC-E433-4238-AFCD-0BEC8E36A410}.Release|Any CPU.ActiveCfg = Release|Any CPU
		{C4A987FC-E433-4238-AFCD-0BEC8E36A410}.Release|Any CPU.Build.0 = Release|Any CPU
	EndGlobalSection
EndGlobal
